
Microsoft Visual Studio Solution File, Format Version 12.00
# Visual Studio 2013
VisualStudioVersion = 12.0.40629.0
MinimumVisualStudioVersion = 10.0.40219.1
Project("{FAE04EC0-301F-11D3-BF4B-00C04F79EFBC}") = "CefSharp.MinimalExample.Wpf", "CefSharp.MinimalExample.Wpf\CefSharp.MinimalExample.Wpf.csproj", "{BE4C3AD0-8DA2-4246-8C63-EEEB7DC197BE}"
EndProject
Project("{FAE04EC0-301F-11D3-BF4B-00C04F79EFBC}") = "CefSharp.MinimalExample.WinForms", "CefSharp.MinimalExample.WinForms\CefSharp.MinimalExample.WinForms.csproj", "{C043FFF7-5F71-4FFC-989A-E09E18548589}"
EndProject
Project("{FAE04EC0-301F-11D3-BF4B-00C04F79EFBC}") = "CefSharp.MinimalExample.OffScreen", "CefSharp.MinimalExample.OffScreen\CefSharp.MinimalExample.OffScreen.csproj", "{A4DEB90C-A529-4A93-ACE3-226A39EFCB00}"
EndProject
Global
	GlobalSection(SolutionConfigurationPlatforms) = preSolution
		Debug|Any CPU = Debug|Any CPU
		Release|Any CPU = Release|Any CPU
	EndGlobalSection
	GlobalSection(ProjectConfigurationPlatforms) = postSolution
		{BE4C3AD0-8DA2-4246-8C63-EEEB7DC197BE}.Debug|Any CPU.ActiveCfg = Debug|Any CPU
		{BE4C3AD0-8DA2-4246-8C63-EEEB7DC197BE}.Debug|Any CPU.Build.0 = Debug|Any CPU
		{BE4C3AD0-8DA2-4246-8C63-EEEB7DC197BE}.Release|Any CPU.ActiveCfg = Release|Any CPU
		{BE4C3AD0-8DA2-4246-8C63-EEEB7DC197BE}.Release|Any CPU.Build.0 = Release|Any CPU
		{C043FFF7-5F71-4FFC-989A-E09E18548589}.Debug|Any CPU.ActiveCfg = Debug|Any CPU
		{C043FFF7-5F71-4FFC-989A-E09E18548589}.Debug|Any CPU.Build.0 = Debug|Any CPU
		{C043FFF7-5F71-4FFC-989A-E09E18548589}.Release|Any CPU.ActiveCfg = Release|Any CPU
		{C043FFF7-5F71-4FFC-989A-E09E18548589}.Release|Any CPU.Build.0 = Release|Any CPU
		{A4DEB90C-A529-4A93-ACE3-226A39EFCB00}.Debug|Any CPU.ActiveCfg = Debug|Any CPU
		{A4DEB90C-A529-4A93-ACE3-226A39EFCB00}.Debug|Any CPU.Build.0 = Debug|Any CPU
		{A4DEB90C-A529-4A93-ACE3-226A39EFCB00}.Release|Any CPU.ActiveCfg = Release|Any CPU
		{A4DEB90C-A529-4A93-ACE3-226A39EFCB00}.Release|Any CPU.Build.0 = Release|Any CPU
	EndGlobalSection
	GlobalSection(SolutionProperties) = preSolution
		HideSolutionNode = FALSE
	EndGlobalSection
EndGlobal
